
Microsoft Visual Studio Solution File, Format Version 12.00
# Visual Studio Version 17
VisualStudioVersion = 17.0.31903.59
MinimumVisualStudioVersion = 10.0.40219.1
Project("{FAE04EC0-301F-11D3-BF4B-00C04F79EFBC}") = "ApiGateway", "ApiGateway\ApiGateway.csproj", "{90D52500-C2FF-459B-9D87-10C495CF7542}"
EndProject
Project("{FAE04EC0-301F-11D3-BF4B-00C04F79EFBC}") = "AuthService", "AuthService\AuthService.csproj", "{C9DF7CE6-39F3-40A7-9777-77C7E0F6BC0E}"
EndProject
Project("{FAE04EC0-301F-11D3-BF4B-00C04F79EFBC}") = "CreditService", "CreditService\CreditService.csproj", "{084ED280-3B6C-4172-A9BD-0F5696A95C45}"
EndProject
Project("{FAE04EC0-301F-11D3-BF4B-00C04F79EFBC}") = "SimulationService", "SimulationService\SimulationService.csproj", "{12F54F24-C74A-416D-99FC-DA952555F593}"
EndProject
Project("{FAE04EC0-301F-11D3-BF4B-00C04F79EFBC}") = "DocumentService", "DocumentService\DocumentService.csproj", "{429663E8-9ACF-45EF-89F9-6796F45DEAB7}"
EndProject
Project("{2150E333-8FDC-42A3-9474-1A3956D46DE8}") = "tests", "tests", "{0AB3BF05-4346-4AA6-1389-037BE0695223}"
EndProject
Project("{FAE04EC0-301F-11D3-BF4B-00C04F79EFBC}") = "AuthService.Tests", "tests\AuthService.Tests\AuthService.Tests.csproj", "{899C491F-86F3-45F8-86C0-F2A60EA09030}"
EndProject
Project("{FAE04EC0-301F-11D3-BF4B-00C04F79EFBC}") = "CreditService.Tests", "tests\CreditService.Tests\CreditService.Tests.csproj", "{70CC3316-7490-4F72-8B76-34C170DEFCF0}"
EndProject
Project("{FAE04EC0-301F-11D3-BF4B-00C04F79EFBC}") = "SimulationService.Tests", "tests\SimulationService.Tests\SimulationService.Tests.csproj", "{694AC132-F042-4502-8D24-70AD7220D32F}"
EndProject
Global
	GlobalSection(SolutionConfigurationPlatforms) = preSolution
		Debug|Any CPU = Debug|Any CPU
		Debug|x64 = Debug|x64
		Debug|x86 = Debug|x86
		Release|Any CPU = Release|Any CPU
		Release|x64 = Release|x64
		Release|x86 = Release|x86
	EndGlobalSection
	GlobalSection(ProjectConfigurationPlatforms) = postSolution
		{90D52500-C2FF-459B-9D87-10C495CF7542}.Debug|Any CPU.ActiveCfg = Debug|Any CPU
		{90D52500-C2FF-459B-9D87-10C495CF7542}.Debug|Any CPU.Build.0 = Debug|Any CPU
		{90D52500-C2FF-459B-9D87-10C495CF7542}.Debug|x64.ActiveCfg = Debug|Any CPU
		{90D52500-C2FF-459B-9D87-10C495CF7542}.Debug|x64.Build.0 = Debug|Any CPU
		{90D52500-C2FF-459B-9D87-10C495CF7542}.Debug|x86.ActiveCfg = Debug|Any CPU
		{90D52500-C2FF-459B-9D87-10C495CF7542}.Debug|x86.Build.0 = Debug|Any CPU
		{90D52500-C2FF-459B-9D87-10C495CF7542}.Release|Any CPU.ActiveCfg = Release|Any CPU
		{90D52500-C2FF-459B-9D87-10C495CF7542}.Release|Any CPU.Build.0 = Release|Any CPU
		{90D52500-C2FF-459B-9D87-10C495CF7542}.Release|x64.ActiveCfg = Release|Any CPU
		{90D52500-C2FF-459B-9D87-10C495CF7542}.Release|x64.Build.0 = Release|Any CPU
		{90D52500-C2FF-459B-9D87-10C495CF7542}.Release|x86.ActiveCfg = Release|Any CPU
		{90D52500-C2FF-459B-9D87-10C495CF7542}.Release|x86.Build.0 = Release|Any CPU
		{C9DF7CE6-39F3-40A7-9777-77C7E0F6BC0E}.Debug|Any CPU.ActiveCfg = Debug|Any CPU
		{C9DF7CE6-39F3-40A7-9777-77C7E0F6BC0E}.Debug|Any CPU.Build.0 = Debug|Any CPU
		{C9DF7CE6-39F3-40A7-9777-77C7E0F6BC0E}.Debug|x64.ActiveCfg = Debug|Any CPU
		{C9DF7CE6-39F3-40A7-9777-77C7E0F6BC0E}.Debug|x64.Build.0 = Debug|Any CPU
		{C9DF7CE6-39F3-40A7-9777-77C7E0F6BC0E}.Debug|x86.ActiveCfg = Debug|Any CPU
		{C9DF7CE6-39F3-40A7-9777-77C7E0F6BC0E}.Debug|x86.Build.0 = Debug|Any CPU
		{C9DF7CE6-39F3-40A7-9777-77C7E0F6BC0E}.Release|Any CPU.ActiveCfg = Release|Any CPU
		{C9DF7CE6-39F3-40A7-9777-77C7E0F6BC0E}.Release|Any CPU.Build.0 = Release|Any CPU
		{C9DF7CE6-39F3-40A7-9777-77C7E0F6BC0E}.Release|x64.ActiveCfg = Release|Any CPU
		{C9DF7CE6-39F3-40A7-9777-77C7E0F6BC0E}.Release|x64.Build.0 = Release|Any CPU
		{C9DF7CE6-39F3-40A7-9777-77C7E0F6BC0E}.Release|x86.ActiveCfg = Release|Any CPU
		{C9DF7CE6-39F3-40A7-9777-77C7E0F6BC0E}.Release|x86.Build.0 = Release|Any CPU
		{084ED280-3B6C-4172-A9BD-0F5696A95C45}.Debug|Any CPU.ActiveCfg = Debug|Any CPU
		{084ED280-3B6C-4172-A9BD-0F5696A95C45}.Debug|Any CPU.Build.0 = Debug|Any CPU
		{084ED280-3B6C-4172-A9BD-0F5696A95C45}.Debug|x64.ActiveCfg = Debug|Any CPU
		{084ED280-3B6C-4172-A9BD-0F5696A95C45}.Debug|x64.Build.0 = Debug|Any CPU
		{084ED280-3B6C-4172-A9BD-0F5696A95C45}.Debug|x86.ActiveCfg = Debug|Any CPU
		{084ED280-3B6C-4172-A9BD-0F5696A95C45}.Debug|x86.Build.0 = Debug|Any CPU
		{084ED280-3B6C-4172-A9BD-0F5696A95C45}.Release|Any CPU.ActiveCfg = Release|Any CPU
		{084ED280-3B6C-4172-A9BD-0F5696A95C45}.Release|Any CPU.Build.0 = Release|Any CPU
		{084ED280-3B6C-4172-A9BD-0F5696A95C45}.Release|x64.ActiveCfg = Release|Any CPU
		{084ED280-3B6C-4172-A9BD-0F5696A95C45}.Release|x64.Build.0 = Release|Any CPU
		{084ED280-3B6C-4172-A9BD-0F5696A95C45}.Release|x86.ActiveCfg = Release|Any CPU
		{084ED280-3B6C-4172-A9BD-0F5696A95C45}.Release|x86.Build.0 = Release|Any CPU
		{12F54F24-C74A-416D-99FC-DA952555F593}.Debug|Any CPU.ActiveCfg = Debug|Any CPU
		{12F54F24-C74A-416D-99FC-DA952555F593}.Debug|Any CPU.Build.0 = Debug|Any CPU
		{12F54F24-C74A-416D-99FC-DA952555F593}.Debug|x64.ActiveCfg = Debug|Any CPU
		{12F54F24-C74A-416D-99FC-DA952555F593}.Debug|x64.Build.0 = Debug|Any CPU
		{12F54F24-C74A-416D-99FC-DA952555F593}.Debug|x86.ActiveCfg = Debug|Any CPU
		{12F54F24-C74A-416D-99FC-DA952555F593}.Debug|x86.Build.0 = Debug|Any CPU
		{12F54F24-C74A-416D-99FC-DA952555F593}.Release|Any CPU.ActiveCfg = Release|Any CPU
		{12F54F24-C74A-416D-99FC-DA952555F593}.Release|Any CPU.Build.0 = Release|Any CPU
		{12F54F24-C74A-416D-99FC-DA952555F593}.Release|x64.ActiveCfg = Release|Any CPU
		{12F54F24-C74A-416D-99FC-DA952555F593}.Release|x64.Build.0 = Release|Any CPU
		{12F54F24-C74A-416D-99FC-DA952555F593}.Release|x86.ActiveCfg = Release|Any CPU
		{12F54F24-C74A-416D-99FC-DA952555F593}.Release|x86.Build.0 = Release|Any CPU
		{429663E8-9ACF-45EF-89F9-6796F45DEAB7}.Debug|Any CPU.ActiveCfg = Debug|Any CPU
		{429663E8-9ACF-45EF-89F9-6796F45DEAB7}.Debug|Any CPU.Build.0 = Debug|Any CPU
		{429663E8-9ACF-45EF-89F9-6796F45DEAB7}.Debug|x64.ActiveCfg = Debug|Any CPU
		{429663E8-9ACF-45EF-89F9-6796F45DEAB7}.Debug|x64.Build.0 = Debug|Any CPU
		{429663E8-9ACF-45EF-89F9-6796F45DEAB7}.Debug|x86.ActiveCfg = Debug|Any CPU
		{429663E8-9ACF-45EF-89F9-6796F45DEAB7}.Debug|x86.Build.0 = Debug|Any CPU
		{429663E8-9ACF-45EF-89F9-6796F45DEAB7}.Release|Any CPU.ActiveCfg = Release|Any CPU
		{429663E8-9ACF-45EF-89F9-6796F45DEAB7}.Release|Any CPU.Build.0 = Release|Any CPU
		{429663E8-9ACF-45EF-89F9-6796F45DEAB7}.Release|x64.ActiveCfg = Release|Any CPU
		{429663E8-9ACF-45EF-89F9-6796F45DEAB7}.Release|x64.Build.0 = Release|Any CPU
		{429663E8-9ACF-45EF-89F9-6796F45DEAB7}.Release|x86.ActiveCfg = Release|Any CPU
		{429663E8-9ACF-45EF-89F9-6796F45DEAB7}.Release|x86.Build.0 = Release|Any CPU
		{899C491F-86F3-45F8-86C0-F2A60EA09030}.Debug|Any CPU.ActiveCfg = Debug|Any CPU
		{899C491F-86F3-45F8-86C0-F2A60EA09030}.Debug|Any CPU.Build.0 = Debug|Any CPU
		{899C491F-86F3-45F8-86C0-F2A60EA09030}.Debug|x64.ActiveCfg = Debug|Any CPU
		{899C491F-86F3-45F8-86C0-F2A60EA09030}.Debug|x64.Build.0 = Debug|Any CPU
		{899C491F-86F3-45F8-86C0-F2A60EA09030}.Debug|x86.ActiveCfg = Debug|Any CPU
		{899C491F-86F3-45F8-86C0-F2A60EA09030}.Debug|x86.Build.0 = Debug|Any CPU
		{899C491F-86F3-45F8-86C0-F2A60EA09030}.Release|Any CPU.ActiveCfg = Release|Any CPU
		{899C491F-86F3-45F8-86C0-F2A60EA09030}.Release|Any CPU.Build.0 = Release|Any CPU
		{899C491F-86F3-45F8-86C0-F2A60EA09030}.Release|x64.ActiveCfg = Release|Any CPU
		{899C491F-86F3-45F8-86C0-F2A60EA09030}.Release|x64.Build.0 = Release|Any CPU
		{899C491F-86F3-45F8-86C0-F2A60EA09030}.Release|x86.ActiveCfg = Release|Any CPU
		{899C491F-86F3-45F8-86C0-F2A60EA09030}.Release|x86.Build.0 = Release|Any CPU
		{70CC3316-7490-4F72-8B76-34C170DEFCF0}.Debug|Any CPU.ActiveCfg = Debug|Any CPU
		{70CC3316-7490-4F72-8B76-34C170DEFCF0}.Debug|Any CPU.Build.0 = Debug|Any CPU
		{70CC3316-7490-4F72-8B76-34C170DEFCF0}.Debug|x64.ActiveCfg = Debug|Any CPU
		{70CC3316-7490-4F72-8B76-34C170DEFCF0}.Debug|x64.Build.0 = Debug|Any CPU
		{70CC3316-7490-4F72-8B76-34C170DEFCF0}.Debug|x86.ActiveCfg = Debug|Any CPU
		{70CC3316-7490-4F72-8B76-34C170DEFCF0}.Debug|x86.Build.0 = Debug|Any CPU
		{70CC3316-7490-4F72-8B76-34C170DEFCF0}.Release|Any CPU.ActiveCfg = Release|Any CPU
		{70CC3316-7490-4F72-8B76-34C170DEFCF0}.Release|Any CPU.Build.0 = Release|Any CPU
		{70CC3316-7490-4F72-8B76-34C170DEFCF0}.Release|x64.ActiveCfg = Release|Any CPU
		{70CC3316-7490-4F72-8B76-34C170DEFCF0}.Release|x64.Build.0 = Release|Any CPU
		{70CC3316-7490-4F72-8B76-34C170DEFCF0}.Release|x86.ActiveCfg = Release|Any CPU
		{70CC3316-7490-4F72-8B76-34C170DEFCF0}.Release|x86.Build.0 = Release|Any CPU
		{694AC132-F042-4502-8D24-70AD7220D32F}.Debug|Any CPU.ActiveCfg = Debug|Any CPU
		{694AC132-F042-4502-8D24-70AD7220D32F}.Debug|Any CPU.Build.0 = Debug|Any CPU
		{694AC132-F042-4502-8D24-70AD7220D32F}.Debug|x64.ActiveCfg = Debug|Any CPU
		{694AC132-F042-4502-8D24-70AD7220D32F}.Debug|x64.Build.0 = Debug|Any CPU
		{694AC132-F042-4502-8D24-70AD7220D32F}.Debug|x86.ActiveCfg = Debug|Any CPU
		{694AC132-F042-4502-8D24-70AD7220D32F}.Debug|x86.Build.0 = Debug|Any CPU
		{694AC132-F042-4502-8D24-70AD7220D32F}.Release|Any CPU.ActiveCfg = Release|Any CPU
		{694AC132-F042-4502-8D24-70AD7220D32F}.Release|Any CPU.Build.0 = Release|Any CPU
		{694AC132-F042-4502-8D24-70AD7220D32F}.Release|x64.ActiveCfg = Release|Any CPU
		{694AC132-F042-4502-8D24-70AD7220D32F}.Release|x64.Build.0 = Release|Any CPU
		{694AC132-F042-4502-8D24-70AD7220D32F}.Release|x86.ActiveCfg = Release|Any CPU
		{694AC132-F042-4502-8D24-70AD7220D32F}.Release|x86.Build.0 = Release|Any CPU
	EndGlobalSection
	GlobalSection(SolutionProperties) = preSolution
		HideSolutionNode = FALSE
	EndGlobalSection
	GlobalSection(NestedProjects) = preSolution
		{899C491F-86F3-45F8-86C0-F2A60EA09030} = {0AB3BF05-4346-4AA6-1389-037BE0695223}
		{70CC3316-7490-4F72-8B76-34C170DEFCF0} = {0AB3BF05-4346-4AA6-1389-037BE0695223}
		{694AC132-F042-4502-8D24-70AD7220D32F} = {0AB3BF05-4346-4AA6-1389-037BE0695223}
	EndGlobalSection
EndGlobal
